
Microsoft Visual Studio Solution File, Format Version 12.00
# Visual Studio Version 17
VisualStudioVersion = 17.3.32901.215
MinimumVisualStudioVersion = 10.0.40219.1
Project("{FAE04EC0-301F-11D3-BF4B-00C04F79EFBC}") = "PersonalFinanceAdvisorUI", "PersonalFinanceAdvisorUI\PersonalFinanceAdvisorUI.csproj", "{F8388C3B-EAA3-48E1-BC44-D586672A71EE}"
EndProject
Global
	GlobalSection(SolutionConfigurationPlatforms) = preSolution
		Debug|Any CPU = Debug|Any CPU
		Release|Any CPU = Release|Any CPU
	EndGlobalSection
	GlobalSection(ProjectConfigurationPlatforms) = postSolution
		{F8388C3B-EAA3-48E1-BC44-D586672A71EE}.Debug|Any CPU.ActiveCfg = Debug|Any CPU
		{F8388C3B-EAA3-48E1-BC44-D586672A71EE}.Debug|Any CPU.Build.0 = Debug|Any CPU
		{F8388C3B-EAA3-48E1-BC44-D586672A71EE}.Release|Any CPU.ActiveCfg = Release|Any CPU
		{F8388C3B-EAA3-48E1-BC44-D586672A71EE}.Release|Any CPU.Build.0 = Release|Any CPU
	EndGlobalSection
	GlobalSection(SolutionProperties) = preSolution
		HideSolutionNode = FALSE
	EndGlobalSection
	GlobalSection(ExtensibilityGlobals) = postSolution
		SolutionGuid = {DEF4A319-D565-4C15-857E-1FB1E0B6DC4F}
	EndGlobalSection
EndGlobal
