
Microsoft Visual Studio Solution File, Format Version 12.00
# Visual Studio Version 17
VisualStudioVersion = 17.3.32901.215
MinimumVisualStudioVersion = 10.0.40219.1
Project("{FAE04EC0-301F-11D3-BF4B-00C04F79EFBC}") = "DataPassing", "DataPassing\DataPassing.csproj", "{3CA17E1B-4F4B-425B-A1D4-D7426C46B1DE}"
EndProject
Global
	GlobalSection(SolutionConfigurationPlatforms) = preSolution
		Debug|Any CPU = Debug|Any CPU
		Release|Any CPU = Release|Any CPU
	EndGlobalSection
	GlobalSection(ProjectConfigurationPlatforms) = postSolution
		{3CA17E1B-4F4B-425B-A1D4-D7426C46B1DE}.Debug|Any CPU.ActiveCfg = Debug|Any CPU
		{3CA17E1B-4F4B-425B-A1D4-D7426C46B1DE}.Debug|Any CPU.Build.0 = Debug|Any CPU
		{3CA17E1B-4F4B-425B-A1D4-D7426C46B1DE}.Release|Any CPU.ActiveCfg = Release|Any CPU
		{3CA17E1B-4F4B-425B-A1D4-D7426C46B1DE}.Release|Any CPU.Build.0 = Release|Any CPU
	EndGlobalSection
	GlobalSection(SolutionProperties) = preSolution
		HideSolutionNode = FALSE
	EndGlobalSection
	GlobalSection(ExtensibilityGlobals) = postSolution
		SolutionGuid = {967E8780-66FD-44DC-BC59-6768A2C06FA9}
	EndGlobalSection
EndGlobal
